{
  "name": "TMFI",
  "lockfileVersion": 3,
  "requires": true,
  "packages": {
    "": {
      "dependencies": {
        "typescript-collections": "^1.3.3"
      }
    },
    "node_modules/typescript-collections": {
      "version": "1.3.3",
      "resolved": "https://registry.npmjs.org/typescript-collections/-/typescript-collections-1.3.3.tgz",
      "integrity": "sha512-7sI4e/bZijOzyURng88oOFZCISQPTHozfE2sUu5AviFYk5QV7fYGb6YiDl+vKjF/pICA354JImBImL9XJWUvdQ=="
    }
  }
}
